
Microsoft Visual Studio Solution File, Format Version 12.00
# Visual Studio Version 17
VisualStudioVersion = 17.3.32901.215
MinimumVisualStudioVersion = 10.0.40219.1
Project("{FAE04EC0-301F-11D3-BF4B-00C04F79EFBC}") = "FitAcademy.ProjetoExemplo.WindowsForms.UI", "FitAcademy.ProjetoExemplo.WindowsForms.UI\FitAcademy.ProjetoExemplo.WindowsForms.UI.csproj", "{7D3640DB-5CB4-48E2-8228-3EC893D1A445}"
EndProject
Global
	GlobalSection(SolutionConfigurationPlatforms) = preSolution
		Debug|Any CPU = Debug|Any CPU
		Release|Any CPU = Release|Any CPU
	EndGlobalSection
	GlobalSection(ProjectConfigurationPlatforms) = postSolution
		{7D3640DB-5CB4-48E2-8228-3EC893D1A445}.Debug|Any CPU.ActiveCfg = Debug|Any CPU
		{7D3640DB-5CB4-48E2-8228-3EC893D1A445}.Debug|Any CPU.Build.0 = Debug|Any CPU
		{7D3640DB-5CB4-48E2-8228-3EC893D1A445}.Release|Any CPU.ActiveCfg = Release|Any CPU
		{7D3640DB-5CB4-48E2-8228-3EC893D1A445}.Release|Any CPU.Build.0 = Release|Any CPU
	EndGlobalSection
	GlobalSection(SolutionProperties) = preSolution
		HideSolutionNode = FALSE
	EndGlobalSection
	GlobalSection(ExtensibilityGlobals) = postSolution
		SolutionGuid = {AFB29CAD-B48B-494B-870C-85E6E12E73F9}
	EndGlobalSection
EndGlobal
